
Microsoft Visual Studio Solution File, Format Version 12.00
# Visual Studio Version 16
VisualStudioVersion = 16.0.30225.117
MinimumVisualStudioVersion = 10.0.40219.1
Project("{8BC9CEB8-8B4A-11D0-8D11-00A0C91BC942}") = "Tower of Hanoi 2", "Tower of Hanoi 2\Tower of Hanoi 2.vcxproj", "{DCD881B9-5ADC-41B1-8159-616DF7AF15FC}"
EndProject
Global
	GlobalSection(SolutionConfigurationPlatforms) = preSolution
		Debug|x64 = Debug|x64
		Debug|x86 = Debug|x86
		Release|x64 = Release|x64
		Release|x86 = Release|x86
	EndGlobalSection
	GlobalSection(ProjectConfigurationPlatforms) = postSolution
		{DCD881B9-5ADC-41B1-8159-616DF7AF15FC}.Debug|x64.ActiveCfg = Debug|x64
		{DCD881B9-5ADC-41B1-8159-616DF7AF15FC}.Debug|x64.Build.0 = Debug|x64
		{DCD881B9-5ADC-41B1-8159-616DF7AF15FC}.Debug|x86.ActiveCfg = Debug|Win32
		{DCD881B9-5ADC-41B1-8159-616DF7AF15FC}.Debug|x86.Build.0 = Debug|Win32
		{DCD881B9-5ADC-41B1-8159-616DF7AF15FC}.Release|x64.ActiveCfg = Release|x64
		{DCD881B9-5ADC-41B1-8159-616DF7AF15FC}.Release|x64.Build.0 = Release|x64
		{DCD881B9-5ADC-41B1-8159-616DF7AF15FC}.Release|x86.ActiveCfg = Release|Win32
		{DCD881B9-5ADC-41B1-8159-616DF7AF15FC}.Release|x86.Build.0 = Release|Win32
	EndGlobalSection
	GlobalSection(SolutionProperties) = preSolution
		HideSolutionNode = FALSE
	EndGlobalSection
	GlobalSection(ExtensibilityGlobals) = postSolution
		SolutionGuid = {4231D85C-1B48-4B02-80F1-3856DF3E31FE}
	EndGlobalSection
EndGlobal
